
Microsoft Visual Studio Solution File, Format Version 12.00
Project("{FAE04EC0-301F-11D3-BF4B-00C04F79EFBC}") = "CleanArchTemplate.Api", "CleanArchTemplate.Api\CleanArchTemplate.Api.csproj", "{8C32171D-15F1-4EAD-BFFD-BA1A608943B9}"
EndProject
Project("{2150E333-8FDC-42A3-9474-1A3956D46DE8}") = "Solution Items", "Solution Items", "{29595CCF-7666-4EF6-963A-3FF9FE8104AD}"
	ProjectSection(SolutionItems) = preProject
		compose.yaml = compose.yaml
	EndProjectSection
EndProject
Project("{FAE04EC0-301F-11D3-BF4B-00C04F79EFBC}") = "CleanArchTemplate.Application", "CleanArchTemplate.Application\CleanArchTemplate.Application.csproj", "{8E7E344C-C494-45B4-8629-4C8F6FF94983}"
EndProject
Project("{FAE04EC0-301F-11D3-BF4B-00C04F79EFBC}") = "CleanArchTemplate.Domain", "CleanArchTemplate.Domain\CleanArchTemplate.Domain.csproj", "{952ED770-A287-4FBD-8FBD-A93F281473B8}"
EndProject
Project("{FAE04EC0-301F-11D3-BF4B-00C04F79EFBC}") = "CleanArchTemplate.SharedKernel", "CleanArchTemplate.SharedKernel\CleanArchTemplate.SharedKernel.csproj", "{1AFB5CF4-71A5-4DA8-9DAF-9EEF41F48407}"
EndProject
Project("{FAE04EC0-301F-11D3-BF4B-00C04F79EFBC}") = "CleanArchTemplate.Infrastructure", "CleanArchTemplate.Infrastructure\CleanArchTemplate.Infrastructure.csproj", "{26E83BA0-DC84-4D95-B7B4-C7BB96518C19}"
EndProject
Global
	GlobalSection(SolutionConfigurationPlatforms) = preSolution
		Debug|Any CPU = Debug|Any CPU
		Release|Any CPU = Release|Any CPU
	EndGlobalSection
	GlobalSection(ProjectConfigurationPlatforms) = postSolution
		{8C32171D-15F1-4EAD-BFFD-BA1A608943B9}.Debug|Any CPU.ActiveCfg = Debug|Any CPU
		{8C32171D-15F1-4EAD-BFFD-BA1A608943B9}.Debug|Any CPU.Build.0 = Debug|Any CPU
		{8C32171D-15F1-4EAD-BFFD-BA1A608943B9}.Release|Any CPU.ActiveCfg = Release|Any CPU
		{8C32171D-15F1-4EAD-BFFD-BA1A608943B9}.Release|Any CPU.Build.0 = Release|Any CPU
		{8E7E344C-C494-45B4-8629-4C8F6FF94983}.Debug|Any CPU.ActiveCfg = Debug|Any CPU
		{8E7E344C-C494-45B4-8629-4C8F6FF94983}.Debug|Any CPU.Build.0 = Debug|Any CPU
		{8E7E344C-C494-45B4-8629-4C8F6FF94983}.Release|Any CPU.ActiveCfg = Release|Any CPU
		{8E7E344C-C494-45B4-8629-4C8F6FF94983}.Release|Any CPU.Build.0 = Release|Any CPU
		{952ED770-A287-4FBD-8FBD-A93F281473B8}.Debug|Any CPU.ActiveCfg = Debug|Any CPU
		{952ED770-A287-4FBD-8FBD-A93F281473B8}.Debug|Any CPU.Build.0 = Debug|Any CPU
		{952ED770-A287-4FBD-8FBD-A93F281473B8}.Release|Any CPU.ActiveCfg = Release|Any CPU
		{952ED770-A287-4FBD-8FBD-A93F281473B8}.Release|Any CPU.Build.0 = Release|Any CPU
		{1AFB5CF4-71A5-4DA8-9DAF-9EEF41F48407}.Debug|Any CPU.ActiveCfg = Debug|Any CPU
		{1AFB5CF4-71A5-4DA8-9DAF-9EEF41F48407}.Debug|Any CPU.Build.0 = Debug|Any CPU
		{1AFB5CF4-71A5-4DA8-9DAF-9EEF41F48407}.Release|Any CPU.ActiveCfg = Release|Any CPU
		{1AFB5CF4-71A5-4DA8-9DAF-9EEF41F48407}.Release|Any CPU.Build.0 = Release|Any CPU
		{26E83BA0-DC84-4D95-B7B4-C7BB96518C19}.Debug|Any CPU.ActiveCfg = Debug|Any CPU
		{26E83BA0-DC84-4D95-B7B4-C7BB96518C19}.Debug|Any CPU.Build.0 = Debug|Any CPU
		{26E83BA0-DC84-4D95-B7B4-C7BB96518C19}.Release|Any CPU.ActiveCfg = Release|Any CPU
		{26E83BA0-DC84-4D95-B7B4-C7BB96518C19}.Release|Any CPU.Build.0 = Release|Any CPU
	EndGlobalSection
EndGlobal
